
Microsoft Visual Studio Solution File, Format Version 12.00
# Visual Studio Version 17
VisualStudioVersion = 17.8.34525.116
MinimumVisualStudioVersion = 10.0.40219.1
Project("{9A19103F-16F7-4668-BE54-9A1E7A4F7556}") = "SteamAccountsHub.Core", "SteamAccountsHub.Core\SteamAccountsHub.Core.csproj", "{017AC515-1D9A-48B9-A069-8A35F891E22D}"
EndProject
Project("{9A19103F-16F7-4668-BE54-9A1E7A4F7556}") = "SteamAccountsHub.Tests", "SteamAccountsHub.Tests\SteamAccountsHub.Tests.csproj", "{C2E9D8D7-C702-4D2E-8125-CDEE27C84B95}"
EndProject
Project("{9A19103F-16F7-4668-BE54-9A1E7A4F7556}") = "SteamAccountsHub.Avalonia", "SteamAccountsHub.Avalonia\SteamAccountsHub.Avalonia.csproj", "{0C04C2F6-06B4-45C3-B2B5-2A0CD1AEFBC1}"
EndProject
Project("{9A19103F-16F7-4668-BE54-9A1E7A4F7556}") = "SteamAccountsHub.Avalonia.Desktop", "SteamAccountsHub.Avalonia.Desktop\SteamAccountsHub.Avalonia.Desktop.csproj", "{75F2C0C8-BCAB-445D-A67A-5303D38883C8}"
EndProject
Global
	GlobalSection(SolutionConfigurationPlatforms) = preSolution
		Debug|Any CPU = Debug|Any CPU
		Release|Any CPU = Release|Any CPU
	EndGlobalSection
	GlobalSection(ProjectConfigurationPlatforms) = postSolution
		{017AC515-1D9A-48B9-A069-8A35F891E22D}.Debug|Any CPU.ActiveCfg = Debug|Any CPU
		{017AC515-1D9A-48B9-A069-8A35F891E22D}.Debug|Any CPU.Build.0 = Debug|Any CPU
		{017AC515-1D9A-48B9-A069-8A35F891E22D}.Release|Any CPU.ActiveCfg = Release|Any CPU
		{017AC515-1D9A-48B9-A069-8A35F891E22D}.Release|Any CPU.Build.0 = Release|Any CPU
		{C2E9D8D7-C702-4D2E-8125-CDEE27C84B95}.Debug|Any CPU.ActiveCfg = Debug|Any CPU
		{C2E9D8D7-C702-4D2E-8125-CDEE27C84B95}.Debug|Any CPU.Build.0 = Debug|Any CPU
		{C2E9D8D7-C702-4D2E-8125-CDEE27C84B95}.Release|Any CPU.ActiveCfg = Release|Any CPU
		{C2E9D8D7-C702-4D2E-8125-CDEE27C84B95}.Release|Any CPU.Build.0 = Release|Any CPU
		{0C04C2F6-06B4-45C3-B2B5-2A0CD1AEFBC1}.Debug|Any CPU.ActiveCfg = Debug|Any CPU
		{0C04C2F6-06B4-45C3-B2B5-2A0CD1AEFBC1}.Debug|Any CPU.Build.0 = Debug|Any CPU
		{0C04C2F6-06B4-45C3-B2B5-2A0CD1AEFBC1}.Release|Any CPU.ActiveCfg = Release|Any CPU
		{0C04C2F6-06B4-45C3-B2B5-2A0CD1AEFBC1}.Release|Any CPU.Build.0 = Release|Any CPU
		{75F2C0C8-BCAB-445D-A67A-5303D38883C8}.Debug|Any CPU.ActiveCfg = Debug|Any CPU
		{75F2C0C8-BCAB-445D-A67A-5303D38883C8}.Debug|Any CPU.Build.0 = Debug|Any CPU
		{75F2C0C8-BCAB-445D-A67A-5303D38883C8}.Release|Any CPU.ActiveCfg = Release|Any CPU
		{75F2C0C8-BCAB-445D-A67A-5303D38883C8}.Release|Any CPU.Build.0 = Release|Any CPU
	EndGlobalSection
	GlobalSection(SolutionProperties) = preSolution
		HideSolutionNode = FALSE
	EndGlobalSection
	GlobalSection(ExtensibilityGlobals) = postSolution
		SolutionGuid = {60A159E6-3E7F-41D0-BBE6-49AFFECAAD89}
	EndGlobalSection
EndGlobal
